
Microsoft Visual Studio Solution File, Format Version 12.00
# Visual Studio Version 17
VisualStudioVersion = 17.3.32929.385
MinimumVisualStudioVersion = 10.0.40219.1
Project("{9A19103F-16F7-4668-BE54-9A1E7A4F7556}") = "WpfApp_front", "WpfApp_front\WpfApp_front.csproj", "{6925F255-272C-46F5-B0C3-9FA4A96AB0EE}"
EndProject
Global
	GlobalSection(SolutionConfigurationPlatforms) = preSolution
		Debug|Any CPU = Debug|Any CPU
		Release|Any CPU = Release|Any CPU
	EndGlobalSection
	GlobalSection(ProjectConfigurationPlatforms) = postSolution
		{6925F255-272C-46F5-B0C3-9FA4A96AB0EE}.Debug|Any CPU.ActiveCfg = Debug|Any CPU
		{6925F255-272C-46F5-B0C3-9FA4A96AB0EE}.Debug|Any CPU.Build.0 = Debug|Any CPU
		{6925F255-272C-46F5-B0C3-9FA4A96AB0EE}.Release|Any CPU.ActiveCfg = Release|Any CPU
		{6925F255-272C-46F5-B0C3-9FA4A96AB0EE}.Release|Any CPU.Build.0 = Release|Any CPU
	EndGlobalSection
	GlobalSection(SolutionProperties) = preSolution
		HideSolutionNode = FALSE
	EndGlobalSection
	GlobalSection(ExtensibilityGlobals) = postSolution
		SolutionGuid = {20723C92-993A-4380-A284-E5788CF0803C}
	EndGlobalSection
EndGlobal
